[[package]]
category = "main"
description = "Screen-scraping library"
name = "beautifulsoup4"
optional = false
python-versions = "*"
version = "4.6.0"

[package.extras]
html5lib = ["html5lib"]
lxml = ["lxml"]

[metadata]
content-hash = "9399633592a483e82647989a205b070c29ceac34427a3cdf70397cdc66a3558c"
python-versions = "^3.7"

[metadata.files]
beautifulsoup4 = [
    {file = "beautifulsoup4-4.6.0-py2-none-any.whl", hash = "sha256:7015e76bf32f1f574636c4288399a6de66ce08fb7b2457f628a8d70c0fbabb11"},
    {file = "beautifulsoup4-4.6.0-py3-none-any.whl", hash = "sha256:11a9a27b7d3bddc6d86f59fb76afb70e921a25ac2d6cc55b40d072bd68435a76"},
    {file = "beautifulsoup4-4.6.0.tar.gz", hash = "sha256:808b6ac932dccb0a4126558f7dfdcf41710dd44a4ef497a0bb59a77f9f078e89"},
]
